
Microsoft Visual Studio Solution File, Format Version 12.00
# Visual Studio 15
VisualStudioVersion = 15.0.27130.2010
MinimumVisualStudioVersion = 10.0.40219.1
Project("{FAE04EC0-301F-11D3-BF4B-00C04F79EFBC}") = "DiningPhilsWPF", "DiningPhilsWPF\DiningPhilsWPF.csproj", "{D2AFAFD9-0703-4571-9A9B-8A3615476205}"
EndProject
Global
	GlobalSection(SolutionConfigurationPlatforms) = preSolution
		Debug|Any CPU = Debug|Any CPU
		Release|Any CPU = Release|Any CPU
	EndGlobalSection
	GlobalSection(ProjectConfigurationPlatforms) = postSolution
		{D2AFAFD9-0703-4571-9A9B-8A3615476205}.Debug|Any CPU.ActiveCfg = Debug|Any CPU
		{D2AFAFD9-0703-4571-9A9B-8A3615476205}.Debug|Any CPU.Build.0 = Debug|Any CPU
		{D2AFAFD9-0703-4571-9A9B-8A3615476205}.Release|Any CPU.ActiveCfg = Release|Any CPU
		{D2AFAFD9-0703-4571-9A9B-8A3615476205}.Release|Any CPU.Build.0 = Release|Any CPU
	EndGlobalSection
	GlobalSection(SolutionProperties) = preSolution
		HideSolutionNode = FALSE
	EndGlobalSection
	GlobalSection(ExtensibilityGlobals) = postSolution
		SolutionGuid = {75760D45-887E-4926-B998-4541B6E7009F}
	EndGlobalSection
EndGlobal
