
Microsoft Visual Studio Solution File, Format Version 12.00
# Visual Studio Version 17
VisualStudioVersion = 17.2.32526.322
MinimumVisualStudioVersion = 10.0.40219.1
Project("{2150E333-8FDC-42A3-9474-1A3956D46DE8}") = "CSharp_Sprachfeatures_bis_90", "CSharp_Sprachfeatures_bis_90", "{0FA20C65-9CF2-4B54-ACC7-13EA3A28B756}"
EndProject
Project("{9A19103F-16F7-4668-BE54-9A1E7A4F7556}") = "CSharp70", "CSharp70\CSharp70.csproj", "{343C6BC7-556D-41D7-B168-A7A160F30577}"
EndProject
Project("{9A19103F-16F7-4668-BE54-9A1E7A4F7556}") = "CSharp71", "CSharp71\CSharp71.csproj", "{FAD2D0B3-C384-447D-A929-5A96C58F4197}"
EndProject
Project("{9A19103F-16F7-4668-BE54-9A1E7A4F7556}") = "CSharp80", "CSharp80\CSharp80.csproj", "{731CCE80-A182-44EC-A0BD-A5160ED34805}"
EndProject
Project("{9A19103F-16F7-4668-BE54-9A1E7A4F7556}") = "CSharp90", "CSharp90\CSharp90.csproj", "{FB74CEC4-8DDC-4289-BF46-FAE601198E20}"
EndProject
Project("{2150E333-8FDC-42A3-9474-1A3956D46DE8}") = "Solution Items", "Solution Items", "{C6571513-4BAC-46CB-B36D-66CE4FA7C195}"
	ProjectSection(SolutionItems) = preProject
		..\Agenda.md = ..\Agenda.md
	EndProjectSection
EndProject
Project("{2150E333-8FDC-42A3-9474-1A3956D46DE8}") = "Aktuelle Sprachversion und Ausblick", "Aktuelle Sprachversion und Ausblick", "{2C0D47E5-0A7A-4B8A-93B9-5843054A4D98}"
EndProject
Project("{9A19103F-16F7-4668-BE54-9A1E7A4F7556}") = "CSharp10", "CSharp10\CSharp10.csproj", "{4A334BC4-52E3-4DF0-AFC8-E3BB26431DCB}"
EndProject
Project("{9A19103F-16F7-4668-BE54-9A1E7A4F7556}") = "CSharp11", "CSharp11\CSharp11.csproj", "{CF051D4D-CA59-4527-BD71-262F9D70BBA8}"
EndProject
Project("{2150E333-8FDC-42A3-9474-1A3956D46DE8}") = "Generics", "Generics", "{F5F801F6-A5E3-48BC-A39E-37E87AF9E66B}"
EndProject
Project("{9A19103F-16F7-4668-BE54-9A1E7A4F7556}") = "GenericObjectsInNET", "GenericObjectsInNET\GenericObjectsInNET.csproj", "{84E3E666-5F04-4603-9FDC-1C3DCDBC90B6}"
EndProject
Project("{9A19103F-16F7-4668-BE54-9A1E7A4F7556}") = "WriteGenericClasses", "WriteGenericClasses\WriteGenericClasses.csproj", "{D925CEF1-949F-4E7A-A8B1-37A87263371A}"
EndProject
Project("{9A19103F-16F7-4668-BE54-9A1E7A4F7556}") = "GenericConstraints", "GenericConstraints\GenericConstraints.csproj", "{262352B7-222A-40CB-83D1-AC15D97FE159}"
EndProject
Project("{9A19103F-16F7-4668-BE54-9A1E7A4F7556}") = "SolarSystem", "SolarSystem\SolarSystem.csproj", "{9F8550A0-F54A-44AD-B4B6-639D3224023C}"
EndProject
Project("{2150E333-8FDC-42A3-9474-1A3956D46DE8}") = "Delegates", "Delegates", "{273B7827-8819-4E5B-820F-B792E5FEF823}"
EndProject
Project("{9A19103F-16F7-4668-BE54-9A1E7A4F7556}") = "DelegatesActionsAndFuncsSample", "DelegatesActionsAndFuncsSample\DelegatesActionsAndFuncsSample.csproj", "{64F95FBF-E56C-41A5-AF99-F553D0CD69DB}"
EndProject
Project("{9A19103F-16F7-4668-BE54-9A1E7A4F7556}") = "DelegateAndActionWithCallback", "DelegateAndActionWithCallback\DelegateAndActionWithCallback.csproj", "{4A2DE56A-31C1-4EBC-B893-931765FE52D3}"
EndProject
Project("{9A19103F-16F7-4668-BE54-9A1E7A4F7556}") = "EventAndEventHandlerSample", "EventAndEventHandlerSample\EventAndEventHandlerSample.csproj", "{554EA573-4C77-42B5-97B4-2A77897DC1E1}"
EndProject
Project("{9A19103F-16F7-4668-BE54-9A1E7A4F7556}") = "EventHandlersInWinForms", "EventHandlersInWinForms\EventHandlersInWinForms.csproj", "{EF02AF9F-ED52-40DF-9BD6-B771E539D601}"
EndProject
Project("{2150E333-8FDC-42A3-9474-1A3956D46DE8}") = "Threads", "Threads", "{120FFE27-B421-4CA7-830A-1A75E5DC2DA6}"
EndProject
Project("{9A19103F-16F7-4668-BE54-9A1E7A4F7556}") = "001_Threads", "001_Threads\001_Threads.csproj", "{CC985D27-6BAA-47B5-BA61-912030052818}"
EndProject
Project("{9A19103F-16F7-4668-BE54-9A1E7A4F7556}") = "002_ThreadMitParameterStarten", "002_ThreadMitParameterStarten\002_ThreadMitParameterStarten.csproj", "{0F03EE47-6737-4EA4-B45A-8663F096CFA2}"
EndProject
Project("{9A19103F-16F7-4668-BE54-9A1E7A4F7556}") = "003_Thread_Beenden", "003_Thread_Beenden\003_Thread_Beenden.csproj", "{4ED49863-E44B-49A1-924F-78D699A093B7}"
EndProject
Project("{9A19103F-16F7-4668-BE54-9A1E7A4F7556}") = "004_BeendenEinesThreadMitCancelationTokenSource", "004_BeendenEinesThreadMitCancelationTokenSource\004_BeendenEinesThreadMitCancelationTokenSource.csproj", "{7E160FD1-8575-46E3-9CBF-0183D658043C}"
EndProject
Project("{9A19103F-16F7-4668-BE54-9A1E7A4F7556}") = "005_ThreadMitParamsAndReturnValues", "005_ThreadMitParamsAndReturnValues\005_ThreadMitParamsAndReturnValues.csproj", "{0A2209D6-5EA7-437C-A2A6-88AB354F97E4}"
EndProject
Project("{9A19103F-16F7-4668-BE54-9A1E7A4F7556}") = "006_ThreadWithState", "006_ThreadWithState\006_ThreadWithState.csproj", "{AFBD68E7-0AF3-4592-BD0F-89D5EF2492C4}"
EndProject
Project("{9A19103F-16F7-4668-BE54-9A1E7A4F7556}") = "007_ThreadPool", "007_ThreadPool\007_ThreadPool.csproj", "{A32094D7-A199-4B77-B978-3B9414E18184}"
EndProject
Project("{9A19103F-16F7-4668-BE54-9A1E7A4F7556}") = "008_LockSample", "008_LockSample\008_LockSample.csproj", "{0E2E849B-2165-4399-9AF1-8D5926CF899E}"
EndProject
Project("{9A19103F-16F7-4668-BE54-9A1E7A4F7556}") = "009_Monitor", "009_Monitor\009_Monitor.csproj", "{3F4C0D24-83F7-461F-A733-8DC5A819522D}"
EndProject
Project("{9A19103F-16F7-4668-BE54-9A1E7A4F7556}") = "010_Mutex", "010_Mutex\010_Mutex.csproj", "{DE9A80BC-BC59-41F3-961B-2F7241349D35}"
EndProject
Project("{9A19103F-16F7-4668-BE54-9A1E7A4F7556}") = "011_Mutex_ProgramInstance", "011_Mutex_ProgramInstance\011_Mutex_ProgramInstance.csproj", "{B0DC7A3E-FDB0-411E-9BA1-672F0A3090C4}"
EndProject
Project("{2150E333-8FDC-42A3-9474-1A3956D46DE8}") = "TPL", "TPL", "{B9A058E1-190C-4FEC-85E6-ED9659832547}"
EndProject
Project("{9A19103F-16F7-4668-BE54-9A1E7A4F7556}") = "001_Task_Starten", "001_Task_Starten\001_Task_Starten.csproj", "{03FDCF85-0814-4264-902F-0931A6D93E07}"
EndProject
Project("{9A19103F-16F7-4668-BE54-9A1E7A4F7556}") = "002_Task_beenden", "Task_beenden\002_Task_beenden.csproj", "{07A95C40-C1E2-40E0-A00D-7AE1D93991A5}"
EndProject
Project("{9A19103F-16F7-4668-BE54-9A1E7A4F7556}") = "003_TaskFactorySample", "003_TaskFactorySample\003_TaskFactorySample.csproj", "{1984B80E-B1C8-4FD1-B1BC-BBE76DEAC9D7}"
EndProject
Project("{9A19103F-16F7-4668-BE54-9A1E7A4F7556}") = "004_TaskMitParameter", "004_TaskMitParameter\004_TaskMitParameter.csproj", "{ABB93BA3-3F6A-4E46-93A1-EF936378E863}"
EndProject
Project("{9A19103F-16F7-4668-BE54-9A1E7A4F7556}") = "005_TaskMitExceptions", "005_TaskMitExceptions\005_TaskMitExceptions.csproj", "{4DA89546-79F2-4ACA-ADE2-5168D20F217A}"
EndProject
Project("{9A19103F-16F7-4668-BE54-9A1E7A4F7556}") = "006_ContinueWithSample", "006_ContinueWithSample\006_ContinueWithSample.csproj", "{F3190EBA-C56F-4F73-8D26-F98D28D437BA}"
EndProject
Project("{9A19103F-16F7-4668-BE54-9A1E7A4F7556}") = "007_ContinueWithParameter", "007_ContinueWithParameter\007_ContinueWithParameter.csproj", "{E3EDA6F3-E943-43DB-8AF7-A35742EDE2C3}"
EndProject
Project("{9A19103F-16F7-4668-BE54-9A1E7A4F7556}") = "008_AsyncAwaitSample", "008_AsyncAwaitSample\008_AsyncAwaitSample.csproj", "{31A00EAA-A091-4BDD-84F1-ED8C9CA96FA6}"
EndProject
Project("{FAE04EC0-301F-11D3-BF4B-00C04F79EFBC}") = "HalloAsync_WinForms", "HalloAsync\HalloAsync\HalloAsync_WinForms.csproj", "{8518674C-843F-4BCF-BAD3-3EAEB28E48EF}"
EndProject
Project("{FAE04EC0-301F-11D3-BF4B-00C04F79EFBC}") = "HalloAsync", "HalloAsync_WPF\HalloAsync\HalloAsync.csproj", "{8AEA6B0E-7BB0-47D1-8F6C-CF63600BDEF0}"
EndProject
Project("{9A19103F-16F7-4668-BE54-9A1E7A4F7556}") = "009_TaskWaitAll", "009_TaskWaitAll\009_TaskWaitAll.csproj", "{182A9AEA-64E3-42C9-9C92-939154FC8FCD}"
EndProject
Project("{9A19103F-16F7-4668-BE54-9A1E7A4F7556}") = "010_Task_WhenAll", "010_Task_WhenAll\010_Task_WhenAll.csproj", "{D89AE522-4121-43FC-AF81-74EE5E524C90}"
EndProject
Project("{9A19103F-16F7-4668-BE54-9A1E7A4F7556}") = "011_ParallelInvokeSample", "011_ParallelInvokeSample\011_ParallelInvokeSample.csproj", "{44B774EB-F871-472A-BD00-D14F3473C43D}"
EndProject
Project("{9A19103F-16F7-4668-BE54-9A1E7A4F7556}") = "BenchmarkTestParallelForVsFor", "BenchmarkTestParallelForVsFor\BenchmarkTestParallelForVsFor.csproj", "{A486950B-EA3D-4A33-84F0-16BB9E1BCA0C}"
EndProject
Project("{9A19103F-16F7-4668-BE54-9A1E7A4F7556}") = "StringBuilderBenchmarkDemo", "StringBuilderBenchmarkDemo\StringBuilderBenchmarkDemo.csproj", "{A70B420B-A461-4DDE-AEEC-57AC2DC90E82}"
EndProject
Project("{9A19103F-16F7-4668-BE54-9A1E7A4F7556}") = "Serialisierung", "Serialisierung\Serialisierung.csproj", "{E43AD775-8136-4213-9B2E-08C597905B93}"
EndProject
Project("{FAE04EC0-301F-11D3-BF4B-00C04F79EFBC}") = "Linq_Lambda", "Linq_Lambda\Linq_Lambda.csproj", "{D434F7F8-0BA0-4C29-8405-4BDA843FE314}"
EndProject
Global
	GlobalSection(SolutionConfigurationPlatforms) = preSolution
		Debug|Any CPU = Debug|Any CPU
		Release|Any CPU = Release|Any CPU
	EndGlobalSection
	GlobalSection(ProjectConfigurationPlatforms) = postSolution
		{343C6BC7-556D-41D7-B168-A7A160F30577}.Debug|Any CPU.ActiveCfg = Debug|Any CPU
		{343C6BC7-556D-41D7-B168-A7A160F30577}.Debug|Any CPU.Build.0 = Debug|Any CPU
		{343C6BC7-556D-41D7-B168-A7A160F30577}.Release|Any CPU.ActiveCfg = Release|Any CPU
		{343C6BC7-556D-41D7-B168-A7A160F30577}.Release|Any CPU.Build.0 = Release|Any CPU
		{FAD2D0B3-C384-447D-A929-5A96C58F4197}.Debug|Any CPU.ActiveCfg = Debug|Any CPU
		{FAD2D0B3-C384-447D-A929-5A96C58F4197}.Debug|Any CPU.Build.0 = Debug|Any CPU
		{FAD2D0B3-C384-447D-A929-5A96C58F4197}.Release|Any CPU.ActiveCfg = Release|Any CPU
		{FAD2D0B3-C384-447D-A929-5A96C58F4197}.Release|Any CPU.Build.0 = Release|Any CPU
		{731CCE80-A182-44EC-A0BD-A5160ED34805}.Debug|Any CPU.ActiveCfg = Debug|Any CPU
		{731CCE80-A182-44EC-A0BD-A5160ED34805}.Debug|Any CPU.Build.0 = Debug|Any CPU
		{731CCE80-A182-44EC-A0BD-A5160ED34805}.Release|Any CPU.ActiveCfg = Release|Any CPU
		{731CCE80-A182-44EC-A0BD-A5160ED34805}.Release|Any CPU.Build.0 = Release|Any CPU
		{FB74CEC4-8DDC-4289-BF46-FAE601198E20}.Debug|Any CPU.ActiveCfg = Debug|Any CPU
		{FB74CEC4-8DDC-4289-BF46-FAE601198E20}.Debug|Any CPU.Build.0 = Debug|Any CPU
		{FB74CEC4-8DDC-4289-BF46-FAE601198E20}.Release|Any CPU.ActiveCfg = Release|Any CPU
		{FB74CEC4-8DDC-4289-BF46-FAE601198E20}.Release|Any CPU.Build.0 = Release|Any CPU
		{4A334BC4-52E3-4DF0-AFC8-E3BB26431DCB}.Debug|Any CPU.ActiveCfg = Debug|Any CPU
		{4A334BC4-52E3-4DF0-AFC8-E3BB26431DCB}.Debug|Any CPU.Build.0 = Debug|Any CPU
		{4A334BC4-52E3-4DF0-AFC8-E3BB26431DCB}.Release|Any CPU.ActiveCfg = Release|Any CPU
		{4A334BC4-52E3-4DF0-AFC8-E3BB26431DCB}.Release|Any CPU.Build.0 = Release|Any CPU
		{CF051D4D-CA59-4527-BD71-262F9D70BBA8}.Debug|Any CPU.ActiveCfg = Debug|Any CPU
		{CF051D4D-CA59-4527-BD71-262F9D70BBA8}.Debug|Any CPU.Build.0 = Debug|Any CPU
		{CF051D4D-CA59-4527-BD71-262F9D70BBA8}.Release|Any CPU.ActiveCfg = Release|Any CPU
		{CF051D4D-CA59-4527-BD71-262F9D70BBA8}.Release|Any CPU.Build.0 = Release|Any CPU
		{84E3E666-5F04-4603-9FDC-1C3DCDBC90B6}.Debug|Any CPU.ActiveCfg = Debug|Any CPU
		{84E3E666-5F04-4603-9FDC-1C3DCDBC90B6}.Debug|Any CPU.Build.0 = Debug|Any CPU
		{84E3E666-5F04-4603-9FDC-1C3DCDBC90B6}.Release|Any CPU.ActiveCfg = Release|Any CPU
		{84E3E666-5F04-4603-9FDC-1C3DCDBC90B6}.Release|Any CPU.Build.0 = Release|Any CPU
		{D925CEF1-949F-4E7A-A8B1-37A87263371A}.Debug|Any CPU.ActiveCfg = Debug|Any CPU
		{D925CEF1-949F-4E7A-A8B1-37A87263371A}.Debug|Any CPU.Build.0 = Debug|Any CPU
		{D925CEF1-949F-4E7A-A8B1-37A87263371A}.Release|Any CPU.ActiveCfg = Release|Any CPU
		{D925CEF1-949F-4E7A-A8B1-37A87263371A}.Release|Any CPU.Build.0 = Release|Any CPU
		{262352B7-222A-40CB-83D1-AC15D97FE159}.Debug|Any CPU.ActiveCfg = Debug|Any CPU
		{262352B7-222A-40CB-83D1-AC15D97FE159}.Debug|Any CPU.Build.0 = Debug|Any CPU
		{262352B7-222A-40CB-83D1-AC15D97FE159}.Release|Any CPU.ActiveCfg = Release|Any CPU
		{262352B7-222A-40CB-83D1-AC15D97FE159}.Release|Any CPU.Build.0 = Release|Any CPU
		{9F8550A0-F54A-44AD-B4B6-639D3224023C}.Debug|Any CPU.ActiveCfg = Debug|Any CPU
		{9F8550A0-F54A-44AD-B4B6-639D3224023C}.Debug|Any CPU.Build.0 = Debug|Any CPU
		{9F8550A0-F54A-44AD-B4B6-639D3224023C}.Release|Any CPU.ActiveCfg = Release|Any CPU
		{9F8550A0-F54A-44AD-B4B6-639D3224023C}.Release|Any CPU.Build.0 = Release|Any CPU
		{64F95FBF-E56C-41A5-AF99-F553D0CD69DB}.Debug|Any CPU.ActiveCfg = Debug|Any CPU
		{64F95FBF-E56C-41A5-AF99-F553D0CD69DB}.Debug|Any CPU.Build.0 = Debug|Any CPU
		{64F95FBF-E56C-41A5-AF99-F553D0CD69DB}.Release|Any CPU.ActiveCfg = Release|Any CPU
		{64F95FBF-E56C-41A5-AF99-F553D0CD69DB}.Release|Any CPU.Build.0 = Release|Any CPU
		{4A2DE56A-31C1-4EBC-B893-931765FE52D3}.Debug|Any CPU.ActiveCfg = Debug|Any CPU
		{4A2DE56A-31C1-4EBC-B893-931765FE52D3}.Debug|Any CPU.Build.0 = Debug|Any CPU
		{4A2DE56A-31C1-4EBC-B893-931765FE52D3}.Release|Any CPU.ActiveCfg = Release|Any CPU
		{4A2DE56A-31C1-4EBC-B893-931765FE52D3}.Release|Any CPU.Build.0 = Release|Any CPU
		{554EA573-4C77-42B5-97B4-2A77897DC1E1}.Debug|Any CPU.ActiveCfg = Debug|Any CPU
		{554EA573-4C77-42B5-97B4-2A77897DC1E1}.Debug|Any CPU.Build.0 = Debug|Any CPU
		{554EA573-4C77-42B5-97B4-2A77897DC1E1}.Release|Any CPU.ActiveCfg = Release|Any CPU
		{554EA573-4C77-42B5-97B4-2A77897DC1E1}.Release|Any CPU.Build.0 = Release|Any CPU
		{EF02AF9F-ED52-40DF-9BD6-B771E539D601}.Debug|Any CPU.ActiveCfg = Debug|Any CPU
		{EF02AF9F-ED52-40DF-9BD6-B771E539D601}.Debug|Any CPU.Build.0 = Debug|Any CPU
		{EF02AF9F-ED52-40DF-9BD6-B771E539D601}.Release|Any CPU.ActiveCfg = Release|Any CPU
		{EF02AF9F-ED52-40DF-9BD6-B771E539D601}.Release|Any CPU.Build.0 = Release|Any CPU
		{CC985D27-6BAA-47B5-BA61-912030052818}.Debug|Any CPU.ActiveCfg = Debug|Any CPU
		{CC985D27-6BAA-47B5-BA61-912030052818}.Debug|Any CPU.Build.0 = Debug|Any CPU
		{CC985D27-6BAA-47B5-BA61-912030052818}.Release|Any CPU.ActiveCfg = Release|Any CPU
		{CC985D27-6BAA-47B5-BA61-912030052818}.Release|Any CPU.Build.0 = Release|Any CPU
		{0F03EE47-6737-4EA4-B45A-8663F096CFA2}.Debug|Any CPU.ActiveCfg = Debug|Any CPU
		{0F03EE47-6737-4EA4-B45A-8663F096CFA2}.Debug|Any CPU.Build.0 = Debug|Any CPU
		{0F03EE47-6737-4EA4-B45A-8663F096CFA2}.Release|Any CPU.ActiveCfg = Release|Any CPU
		{0F03EE47-6737-4EA4-B45A-8663F096CFA2}.Release|Any CPU.Build.0 = Release|Any CPU
		{4ED49863-E44B-49A1-924F-78D699A093B7}.Debug|Any CPU.ActiveCfg = Debug|Any CPU
		{4ED49863-E44B-49A1-924F-78D699A093B7}.Debug|Any CPU.Build.0 = Debug|Any CPU
		{4ED49863-E44B-49A1-924F-78D699A093B7}.Release|Any CPU.ActiveCfg = Release|Any CPU
		{4ED49863-E44B-49A1-924F-78D699A093B7}.Release|Any CPU.Build.0 = Release|Any CPU
		{7E160FD1-8575-46E3-9CBF-0183D658043C}.Debug|Any CPU.ActiveCfg = Debug|Any CPU
		{7E160FD1-8575-46E3-9CBF-0183D658043C}.Debug|Any CPU.Build.0 = Debug|Any CPU
		{7E160FD1-8575-46E3-9CBF-0183D658043C}.Release|Any CPU.ActiveCfg = Release|Any CPU
		{7E160FD1-8575-46E3-9CBF-0183D658043C}.Release|Any CPU.Build.0 = Release|Any CPU
		{0A2209D6-5EA7-437C-A2A6-88AB354F97E4}.Debug|Any CPU.ActiveCfg = Debug|Any CPU
		{0A2209D6-5EA7-437C-A2A6-88AB354F97E4}.Debug|Any CPU.Build.0 = Debug|Any CPU
		{0A2209D6-5EA7-437C-A2A6-88AB354F97E4}.Release|Any CPU.ActiveCfg = Release|Any CPU
		{0A2209D6-5EA7-437C-A2A6-88AB354F97E4}.Release|Any CPU.Build.0 = Release|Any CPU
		{AFBD68E7-0AF3-4592-BD0F-89D5EF2492C4}.Debug|Any CPU.ActiveCfg = Debug|Any CPU
		{AFBD68E7-0AF3-4592-BD0F-89D5EF2492C4}.Debug|Any CPU.Build.0 = Debug|Any CPU
		{AFBD68E7-0AF3-4592-BD0F-89D5EF2492C4}.Release|Any CPU.ActiveCfg = Release|Any CPU
		{AFBD68E7-0AF3-4592-BD0F-89D5EF2492C4}.Release|Any CPU.Build.0 = Release|Any CPU
		{A32094D7-A199-4B77-B978-3B9414E18184}.Debug|Any CPU.ActiveCfg = Debug|Any CPU
		{A32094D7-A199-4B77-B978-3B9414E18184}.Debug|Any CPU.Build.0 = Debug|Any CPU
		{A32094D7-A199-4B77-B978-3B9414E18184}.Release|Any CPU.ActiveCfg = Release|Any CPU
		{A32094D7-A199-4B77-B978-3B9414E18184}.Release|Any CPU.Build.0 = Release|Any CPU
		{0E2E849B-2165-4399-9AF1-8D5926CF899E}.Debug|Any CPU.ActiveCfg = Debug|Any CPU
		{0E2E849B-2165-4399-9AF1-8D5926CF899E}.Debug|Any CPU.Build.0 = Debug|Any CPU
		{0E2E849B-2165-4399-9AF1-8D5926CF899E}.Release|Any CPU.ActiveCfg = Release|Any CPU
		{0E2E849B-2165-4399-9AF1-8D5926CF899E}.Release|Any CPU.Build.0 = Release|Any CPU
		{3F4C0D24-83F7-461F-A733-8DC5A819522D}.Debug|Any CPU.ActiveCfg = Debug|Any CPU
		{3F4C0D24-83F7-461F-A733-8DC5A819522D}.Debug|Any CPU.Build.0 = Debug|Any CPU
		{3F4C0D24-83F7-461F-A733-8DC5A819522D}.Release|Any CPU.ActiveCfg = Release|Any CPU
		{3F4C0D24-83F7-461F-A733-8DC5A819522D}.Release|Any CPU.Build.0 = Release|Any CPU
		{DE9A80BC-BC59-41F3-961B-2F7241349D35}.Debug|Any CPU.ActiveCfg = Debug|Any CPU
		{DE9A80BC-BC59-41F3-961B-2F7241349D35}.Debug|Any CPU.Build.0 = Debug|Any CPU
		{DE9A80BC-BC59-41F3-961B-2F7241349D35}.Release|Any CPU.ActiveCfg = Release|Any CPU
		{DE9A80BC-BC59-41F3-961B-2F7241349D35}.Release|Any CPU.Build.0 = Release|Any CPU
		{B0DC7A3E-FDB0-411E-9BA1-672F0A3090C4}.Debug|Any CPU.ActiveCfg = Debug|Any CPU
		{B0DC7A3E-FDB0-411E-9BA1-672F0A3090C4}.Debug|Any CPU.Build.0 = Debug|Any CPU
		{B0DC7A3E-FDB0-411E-9BA1-672F0A3090C4}.Release|Any CPU.ActiveCfg = Release|Any CPU
		{B0DC7A3E-FDB0-411E-9BA1-672F0A3090C4}.Release|Any CPU.Build.0 = Release|Any CPU
		{03FDCF85-0814-4264-902F-0931A6D93E07}.Debug|Any CPU.ActiveCfg = Debug|Any CPU
		{03FDCF85-0814-4264-902F-0931A6D93E07}.Debug|Any CPU.Build.0 = Debug|Any CPU
		{03FDCF85-0814-4264-902F-0931A6D93E07}.Release|Any CPU.ActiveCfg = Release|Any CPU
		{03FDCF85-0814-4264-902F-0931A6D93E07}.Release|Any CPU.Build.0 = Release|Any CPU
		{07A95C40-C1E2-40E0-A00D-7AE1D93991A5}.Debug|Any CPU.ActiveCfg = Debug|Any CPU
		{07A95C40-C1E2-40E0-A00D-7AE1D93991A5}.Debug|Any CPU.Build.0 = Debug|Any CPU
		{07A95C40-C1E2-40E0-A00D-7AE1D93991A5}.Release|Any CPU.ActiveCfg = Release|Any CPU
		{07A95C40-C1E2-40E0-A00D-7AE1D93991A5}.Release|Any CPU.Build.0 = Release|Any CPU
		{1984B80E-B1C8-4FD1-B1BC-BBE76DEAC9D7}.Debug|Any CPU.ActiveCfg = Debug|Any CPU
		{1984B80E-B1C8-4FD1-B1BC-BBE76DEAC9D7}.Debug|Any CPU.Build.0 = Debug|Any CPU
		{1984B80E-B1C8-4FD1-B1BC-BBE76DEAC9D7}.Release|Any CPU.ActiveCfg = Release|Any CPU
		{1984B80E-B1C8-4FD1-B1BC-BBE76DEAC9D7}.Release|Any CPU.Build.0 = Release|Any CPU
		{ABB93BA3-3F6A-4E46-93A1-EF936378E863}.Debug|Any CPU.ActiveCfg = Debug|Any CPU
		{ABB93BA3-3F6A-4E46-93A1-EF936378E863}.Debug|Any CPU.Build.0 = Debug|Any CPU
		{ABB93BA3-3F6A-4E46-93A1-EF936378E863}.Release|Any CPU.ActiveCfg = Release|Any CPU
		{ABB93BA3-3F6A-4E46-93A1-EF936378E863}.Release|Any CPU.Build.0 = Release|Any CPU
		{4DA89546-79F2-4ACA-ADE2-5168D20F217A}.Debug|Any CPU.ActiveCfg = Debug|Any CPU
		{4DA89546-79F2-4ACA-ADE2-5168D20F217A}.Debug|Any CPU.Build.0 = Debug|Any CPU
		{4DA89546-79F2-4ACA-ADE2-5168D20F217A}.Release|Any CPU.ActiveCfg = Release|Any CPU
		{4DA89546-79F2-4ACA-ADE2-5168D20F217A}.Release|Any CPU.Build.0 = Release|Any CPU
		{F3190EBA-C56F-4F73-8D26-F98D28D437BA}.Debug|Any CPU.ActiveCfg = Debug|Any CPU
		{F3190EBA-C56F-4F73-8D26-F98D28D437BA}.Debug|Any CPU.Build.0 = Debug|Any CPU
		{F3190EBA-C56F-4F73-8D26-F98D28D437BA}.Release|Any CPU.ActiveCfg = Release|Any CPU
		{F3190EBA-C56F-4F73-8D26-F98D28D437BA}.Release|Any CPU.Build.0 = Release|Any CPU
		{E3EDA6F3-E943-43DB-8AF7-A35742EDE2C3}.Debug|Any CPU.ActiveCfg = Debug|Any CPU
		{E3EDA6F3-E943-43DB-8AF7-A35742EDE2C3}.Debug|Any CPU.Build.0 = Debug|Any CPU
		{E3EDA6F3-E943-43DB-8AF7-A35742EDE2C3}.Release|Any CPU.ActiveCfg = Release|Any CPU
		{E3EDA6F3-E943-43DB-8AF7-A35742EDE2C3}.Release|Any CPU.Build.0 = Release|Any CPU
		{31A00EAA-A091-4BDD-84F1-ED8C9CA96FA6}.Debug|Any CPU.ActiveCfg = Debug|Any CPU
		{31A00EAA-A091-4BDD-84F1-ED8C9CA96FA6}.Debug|Any CPU.Build.0 = Debug|Any CPU
		{31A00EAA-A091-4BDD-84F1-ED8C9CA96FA6}.Release|Any CPU.ActiveCfg = Release|Any CPU
		{31A00EAA-A091-4BDD-84F1-ED8C9CA96FA6}.Release|Any CPU.Build.0 = Release|Any CPU
		{8518674C-843F-4BCF-BAD3-3EAEB28E48EF}.Debug|Any CPU.ActiveCfg = Debug|Any CPU
		{8518674C-843F-4BCF-BAD3-3EAEB28E48EF}.Debug|Any CPU.Build.0 = Debug|Any CPU
		{8518674C-843F-4BCF-BAD3-3EAEB28E48EF}.Release|Any CPU.ActiveCfg = Release|Any CPU
		{8518674C-843F-4BCF-BAD3-3EAEB28E48EF}.Release|Any CPU.Build.0 = Release|Any CPU
		{8AEA6B0E-7BB0-47D1-8F6C-CF63600BDEF0}.Debug|Any CPU.ActiveCfg = Debug|Any CPU
		{8AEA6B0E-7BB0-47D1-8F6C-CF63600BDEF0}.Debug|Any CPU.Build.0 = Debug|Any CPU
		{8AEA6B0E-7BB0-47D1-8F6C-CF63600BDEF0}.Release|Any CPU.ActiveCfg = Release|Any CPU
		{8AEA6B0E-7BB0-47D1-8F6C-CF63600BDEF0}.Release|Any CPU.Build.0 = Release|Any CPU
		{182A9AEA-64E3-42C9-9C92-939154FC8FCD}.Debug|Any CPU.ActiveCfg = Debug|Any CPU
		{182A9AEA-64E3-42C9-9C92-939154FC8FCD}.Debug|Any CPU.Build.0 = Debug|Any CPU
		{182A9AEA-64E3-42C9-9C92-939154FC8FCD}.Release|Any CPU.ActiveCfg = Release|Any CPU
		{182A9AEA-64E3-42C9-9C92-939154FC8FCD}.Release|Any CPU.Build.0 = Release|Any CPU
		{D89AE522-4121-43FC-AF81-74EE5E524C90}.Debug|Any CPU.ActiveCfg = Debug|Any CPU
		{D89AE522-4121-43FC-AF81-74EE5E524C90}.Debug|Any CPU.Build.0 = Debug|Any CPU
		{D89AE522-4121-43FC-AF81-74EE5E524C90}.Release|Any CPU.ActiveCfg = Release|Any CPU
		{D89AE522-4121-43FC-AF81-74EE5E524C90}.Release|Any CPU.Build.0 = Release|Any CPU
		{44B774EB-F871-472A-BD00-D14F3473C43D}.Debug|Any CPU.ActiveCfg = Debug|Any CPU
		{44B774EB-F871-472A-BD00-D14F3473C43D}.Debug|Any CPU.Build.0 = Debug|Any CPU
		{44B774EB-F871-472A-BD00-D14F3473C43D}.Release|Any CPU.ActiveCfg = Release|Any CPU
		{44B774EB-F871-472A-BD00-D14F3473C43D}.Release|Any CPU.Build.0 = Release|Any CPU
		{A486950B-EA3D-4A33-84F0-16BB9E1BCA0C}.Debug|Any CPU.ActiveCfg = Debug|Any CPU
		{A486950B-EA3D-4A33-84F0-16BB9E1BCA0C}.Debug|Any CPU.Build.0 = Debug|Any CPU
		{A486950B-EA3D-4A33-84F0-16BB9E1BCA0C}.Release|Any CPU.ActiveCfg = Release|Any CPU
		{A486950B-EA3D-4A33-84F0-16BB9E1BCA0C}.Release|Any CPU.Build.0 = Release|Any CPU
		{A70B420B-A461-4DDE-AEEC-57AC2DC90E82}.Debug|Any CPU.ActiveCfg = Debug|Any CPU
		{A70B420B-A461-4DDE-AEEC-57AC2DC90E82}.Debug|Any CPU.Build.0 = Debug|Any CPU
		{A70B420B-A461-4DDE-AEEC-57AC2DC90E82}.Release|Any CPU.ActiveCfg = Release|Any CPU
		{A70B420B-A461-4DDE-AEEC-57AC2DC90E82}.Release|Any CPU.Build.0 = Release|Any CPU
		{E43AD775-8136-4213-9B2E-08C597905B93}.Debug|Any CPU.ActiveCfg = Debug|Any CPU
		{E43AD775-8136-4213-9B2E-08C597905B93}.Debug|Any CPU.Build.0 = Debug|Any CPU
		{E43AD775-8136-4213-9B2E-08C597905B93}.Release|Any CPU.ActiveCfg = Release|Any CPU
		{E43AD775-8136-4213-9B2E-08C597905B93}.Release|Any CPU.Build.0 = Release|Any CPU
		{D434F7F8-0BA0-4C29-8405-4BDA843FE314}.Debug|Any CPU.ActiveCfg = Debug|Any CPU
		{D434F7F8-0BA0-4C29-8405-4BDA843FE314}.Debug|Any CPU.Build.0 = Debug|Any CPU
		{D434F7F8-0BA0-4C29-8405-4BDA843FE314}.Release|Any CPU.ActiveCfg = Release|Any CPU
		{D434F7F8-0BA0-4C29-8405-4BDA843FE314}.Release|Any CPU.Build.0 = Release|Any CPU
	EndGlobalSection
	GlobalSection(SolutionProperties) = preSolution
		HideSolutionNode = FALSE
	EndGlobalSection
	GlobalSection(NestedProjects) = preSolution
		{343C6BC7-556D-41D7-B168-A7A160F30577} = {0FA20C65-9CF2-4B54-ACC7-13EA3A28B756}
		{FAD2D0B3-C384-447D-A929-5A96C58F4197} = {0FA20C65-9CF2-4B54-ACC7-13EA3A28B756}
		{731CCE80-A182-44EC-A0BD-A5160ED34805} = {0FA20C65-9CF2-4B54-ACC7-13EA3A28B756}
		{FB74CEC4-8DDC-4289-BF46-FAE601198E20} = {0FA20C65-9CF2-4B54-ACC7-13EA3A28B756}
		{4A334BC4-52E3-4DF0-AFC8-E3BB26431DCB} = {2C0D47E5-0A7A-4B8A-93B9-5843054A4D98}
		{CF051D4D-CA59-4527-BD71-262F9D70BBA8} = {2C0D47E5-0A7A-4B8A-93B9-5843054A4D98}
		{84E3E666-5F04-4603-9FDC-1C3DCDBC90B6} = {F5F801F6-A5E3-48BC-A39E-37E87AF9E66B}
		{D925CEF1-949F-4E7A-A8B1-37A87263371A} = {F5F801F6-A5E3-48BC-A39E-37E87AF9E66B}
		{262352B7-222A-40CB-83D1-AC15D97FE159} = {F5F801F6-A5E3-48BC-A39E-37E87AF9E66B}
		{9F8550A0-F54A-44AD-B4B6-639D3224023C} = {F5F801F6-A5E3-48BC-A39E-37E87AF9E66B}
		{64F95FBF-E56C-41A5-AF99-F553D0CD69DB} = {273B7827-8819-4E5B-820F-B792E5FEF823}
		{4A2DE56A-31C1-4EBC-B893-931765FE52D3} = {273B7827-8819-4E5B-820F-B792E5FEF823}
		{554EA573-4C77-42B5-97B4-2A77897DC1E1} = {273B7827-8819-4E5B-820F-B792E5FEF823}
		{EF02AF9F-ED52-40DF-9BD6-B771E539D601} = {273B7827-8819-4E5B-820F-B792E5FEF823}
		{CC985D27-6BAA-47B5-BA61-912030052818} = {120FFE27-B421-4CA7-830A-1A75E5DC2DA6}
		{0F03EE47-6737-4EA4-B45A-8663F096CFA2} = {120FFE27-B421-4CA7-830A-1A75E5DC2DA6}
		{4ED49863-E44B-49A1-924F-78D699A093B7} = {120FFE27-B421-4CA7-830A-1A75E5DC2DA6}
		{7E160FD1-8575-46E3-9CBF-0183D658043C} = {120FFE27-B421-4CA7-830A-1A75E5DC2DA6}
		{0A2209D6-5EA7-437C-A2A6-88AB354F97E4} = {120FFE27-B421-4CA7-830A-1A75E5DC2DA6}
		{AFBD68E7-0AF3-4592-BD0F-89D5EF2492C4} = {120FFE27-B421-4CA7-830A-1A75E5DC2DA6}
		{A32094D7-A199-4B77-B978-3B9414E18184} = {120FFE27-B421-4CA7-830A-1A75E5DC2DA6}
		{0E2E849B-2165-4399-9AF1-8D5926CF899E} = {120FFE27-B421-4CA7-830A-1A75E5DC2DA6}
		{3F4C0D24-83F7-461F-A733-8DC5A819522D} = {120FFE27-B421-4CA7-830A-1A75E5DC2DA6}
		{DE9A80BC-BC59-41F3-961B-2F7241349D35} = {120FFE27-B421-4CA7-830A-1A75E5DC2DA6}
		{B0DC7A3E-FDB0-411E-9BA1-672F0A3090C4} = {120FFE27-B421-4CA7-830A-1A75E5DC2DA6}
		{03FDCF85-0814-4264-902F-0931A6D93E07} = {B9A058E1-190C-4FEC-85E6-ED9659832547}
		{07A95C40-C1E2-40E0-A00D-7AE1D93991A5} = {B9A058E1-190C-4FEC-85E6-ED9659832547}
		{1984B80E-B1C8-4FD1-B1BC-BBE76DEAC9D7} = {B9A058E1-190C-4FEC-85E6-ED9659832547}
		{ABB93BA3-3F6A-4E46-93A1-EF936378E863} = {B9A058E1-190C-4FEC-85E6-ED9659832547}
		{4DA89546-79F2-4ACA-ADE2-5168D20F217A} = {B9A058E1-190C-4FEC-85E6-ED9659832547}
		{F3190EBA-C56F-4F73-8D26-F98D28D437BA} = {B9A058E1-190C-4FEC-85E6-ED9659832547}
		{E3EDA6F3-E943-43DB-8AF7-A35742EDE2C3} = {B9A058E1-190C-4FEC-85E6-ED9659832547}
		{31A00EAA-A091-4BDD-84F1-ED8C9CA96FA6} = {B9A058E1-190C-4FEC-85E6-ED9659832547}
		{8518674C-843F-4BCF-BAD3-3EAEB28E48EF} = {B9A058E1-190C-4FEC-85E6-ED9659832547}
		{8AEA6B0E-7BB0-47D1-8F6C-CF63600BDEF0} = {B9A058E1-190C-4FEC-85E6-ED9659832547}
		{182A9AEA-64E3-42C9-9C92-939154FC8FCD} = {B9A058E1-190C-4FEC-85E6-ED9659832547}
		{D89AE522-4121-43FC-AF81-74EE5E524C90} = {B9A058E1-190C-4FEC-85E6-ED9659832547}
		{44B774EB-F871-472A-BD00-D14F3473C43D} = {B9A058E1-190C-4FEC-85E6-ED9659832547}
		{A486950B-EA3D-4A33-84F0-16BB9E1BCA0C} = {B9A058E1-190C-4FEC-85E6-ED9659832547}
	EndGlobalSection
	GlobalSection(ExtensibilityGlobals) = postSolution
		SolutionGuid = {5CF44D41-0F28-4250-B47D-3EDF58BC8CC7}
	EndGlobalSection
EndGlobal
