
Microsoft Visual Studio Solution File, Format Version 12.00
# Visual Studio Version 17
VisualStudioVersion = 17.2.32526.322
MinimumVisualStudioVersion = 10.0.40219.1
Project("{2150E333-8FDC-42A3-9474-1A3956D46DE8}") = "CSharp_Sprachfeatures_bis_90", "CSharp_Sprachfeatures_bis_90", "{0FA20C65-9CF2-4B54-ACC7-13EA3A28B756}"
EndProject
Project("{FAE04EC0-301F-11D3-BF4B-00C04F79EFBC}") = "CSharp70", "CSharp70\CSharp70.csproj", "{343C6BC7-556D-41D7-B168-A7A160F30577}"
EndProject
Project("{FAE04EC0-301F-11D3-BF4B-00C04F79EFBC}") = "CSharp71", "CSharp71\CSharp71.csproj", "{FAD2D0B3-C384-447D-A929-5A96C58F4197}"
EndProject
Project("{FAE04EC0-301F-11D3-BF4B-00C04F79EFBC}") = "CSharp80", "CSharp80\CSharp80.csproj", "{731CCE80-A182-44EC-A0BD-A5160ED34805}"
EndProject
Project("{FAE04EC0-301F-11D3-BF4B-00C04F79EFBC}") = "CSharp90", "CSharp90\CSharp90.csproj", "{FB74CEC4-8DDC-4289-BF46-FAE601198E20}"
EndProject
Global
	GlobalSection(SolutionConfigurationPlatforms) = preSolution
		Debug|Any CPU = Debug|Any CPU
		Release|Any CPU = Release|Any CPU
	EndGlobalSection
	GlobalSection(ProjectConfigurationPlatforms) = postSolution
		{343C6BC7-556D-41D7-B168-A7A160F30577}.Debug|Any CPU.ActiveCfg = Debug|Any CPU
		{343C6BC7-556D-41D7-B168-A7A160F30577}.Debug|Any CPU.Build.0 = Debug|Any CPU
		{343C6BC7-556D-41D7-B168-A7A160F30577}.Release|Any CPU.ActiveCfg = Release|Any CPU
		{343C6BC7-556D-41D7-B168-A7A160F30577}.Release|Any CPU.Build.0 = Release|Any CPU
		{FAD2D0B3-C384-447D-A929-5A96C58F4197}.Debug|Any CPU.ActiveCfg = Debug|Any CPU
		{FAD2D0B3-C384-447D-A929-5A96C58F4197}.Debug|Any CPU.Build.0 = Debug|Any CPU
		{FAD2D0B3-C384-447D-A929-5A96C58F4197}.Release|Any CPU.ActiveCfg = Release|Any CPU
		{FAD2D0B3-C384-447D-A929-5A96C58F4197}.Release|Any CPU.Build.0 = Release|Any CPU
		{731CCE80-A182-44EC-A0BD-A5160ED34805}.Debug|Any CPU.ActiveCfg = Debug|Any CPU
		{731CCE80-A182-44EC-A0BD-A5160ED34805}.Debug|Any CPU.Build.0 = Debug|Any CPU
		{731CCE80-A182-44EC-A0BD-A5160ED34805}.Release|Any CPU.ActiveCfg = Release|Any CPU
		{731CCE80-A182-44EC-A0BD-A5160ED34805}.Release|Any CPU.Build.0 = Release|Any CPU
		{FB74CEC4-8DDC-4289-BF46-FAE601198E20}.Debug|Any CPU.ActiveCfg = Debug|Any CPU
		{FB74CEC4-8DDC-4289-BF46-FAE601198E20}.Debug|Any CPU.Build.0 = Debug|Any CPU
		{FB74CEC4-8DDC-4289-BF46-FAE601198E20}.Release|Any CPU.ActiveCfg = Release|Any CPU
		{FB74CEC4-8DDC-4289-BF46-FAE601198E20}.Release|Any CPU.Build.0 = Release|Any CPU
	EndGlobalSection
	GlobalSection(SolutionProperties) = preSolution
		HideSolutionNode = FALSE
	EndGlobalSection
	GlobalSection(NestedProjects) = preSolution
		{343C6BC7-556D-41D7-B168-A7A160F30577} = {0FA20C65-9CF2-4B54-ACC7-13EA3A28B756}
		{FAD2D0B3-C384-447D-A929-5A96C58F4197} = {0FA20C65-9CF2-4B54-ACC7-13EA3A28B756}
		{731CCE80-A182-44EC-A0BD-A5160ED34805} = {0FA20C65-9CF2-4B54-ACC7-13EA3A28B756}
		{FB74CEC4-8DDC-4289-BF46-FAE601198E20} = {0FA20C65-9CF2-4B54-ACC7-13EA3A28B756}
	EndGlobalSection
	GlobalSection(ExtensibilityGlobals) = postSolution
		SolutionGuid = {5CF44D41-0F28-4250-B47D-3EDF58BC8CC7}
	EndGlobalSection
EndGlobal
